
Microsoft Visual Studio Solution File, Format Version 12.00
Project("{2150E333-8FDC-42A3-9474-1A3956D46DE8}") = "src", "src", "{D80E91F6-FA0A-4486-A7C7-CBE80485786B}"
EndProject
Project("{FAE04EC0-301F-11D3-BF4B-00C04F79EFBC}") = "ContactManager.API", "src\ContactManager.API\ContactManager.API.csproj", "{9DE30161-8AE2-4300-B8D4-FAD7FDD9BA67}"
EndProject
Project("{FAE04EC0-301F-11D3-BF4B-00C04F79EFBC}") = "ContactManager.Contract", "src\ContactManager.Contract\ContactManager.Contract.csproj", "{6F8335CB-2C25-4485-A2C0-CDEA1BCFAFC6}"
EndProject
Project("{FAE04EC0-301F-11D3-BF4B-00C04F79EFBC}") = "ContactManager.Domain", "src\ContactManager.Domain\ContactManager.Domain.csproj", "{7D569BDD-AF7A-48E6-9CE2-0010B6DC418D}"
EndProject
Project("{FAE04EC0-301F-11D3-BF4B-00C04F79EFBC}") = "ContactManager.Core", "src\ContactManager.Core\ContactManager.Core.csproj", "{62EDDB3F-E23D-42D2-A857-5E66C88AE056}"
EndProject
Project("{FAE04EC0-301F-11D3-BF4B-00C04F79EFBC}") = "ContactManager.Data", "src\ContactManager.Data\ContactManager.Data.csproj", "{1D5E4870-DA88-4C6D-8AEA-C4CE35AEAC79}"
EndProject
Global
	GlobalSection(SolutionConfigurationPlatforms) = preSolution
		Debug|Any CPU = Debug|Any CPU
		Release|Any CPU = Release|Any CPU
	EndGlobalSection
	GlobalSection(ProjectConfigurationPlatforms) = postSolution
		{9DE30161-8AE2-4300-B8D4-FAD7FDD9BA67}.Debug|Any CPU.ActiveCfg = Debug|Any CPU
		{9DE30161-8AE2-4300-B8D4-FAD7FDD9BA67}.Debug|Any CPU.Build.0 = Debug|Any CPU
		{9DE30161-8AE2-4300-B8D4-FAD7FDD9BA67}.Release|Any CPU.ActiveCfg = Release|Any CPU
		{9DE30161-8AE2-4300-B8D4-FAD7FDD9BA67}.Release|Any CPU.Build.0 = Release|Any CPU
		{6F8335CB-2C25-4485-A2C0-CDEA1BCFAFC6}.Debug|Any CPU.ActiveCfg = Debug|Any CPU
		{6F8335CB-2C25-4485-A2C0-CDEA1BCFAFC6}.Debug|Any CPU.Build.0 = Debug|Any CPU
		{6F8335CB-2C25-4485-A2C0-CDEA1BCFAFC6}.Release|Any CPU.ActiveCfg = Release|Any CPU
		{6F8335CB-2C25-4485-A2C0-CDEA1BCFAFC6}.Release|Any CPU.Build.0 = Release|Any CPU
		{7D569BDD-AF7A-48E6-9CE2-0010B6DC418D}.Debug|Any CPU.ActiveCfg = Debug|Any CPU
		{7D569BDD-AF7A-48E6-9CE2-0010B6DC418D}.Debug|Any CPU.Build.0 = Debug|Any CPU
		{7D569BDD-AF7A-48E6-9CE2-0010B6DC418D}.Release|Any CPU.ActiveCfg = Release|Any CPU
		{7D569BDD-AF7A-48E6-9CE2-0010B6DC418D}.Release|Any CPU.Build.0 = Release|Any CPU
		{62EDDB3F-E23D-42D2-A857-5E66C88AE056}.Debug|Any CPU.ActiveCfg = Debug|Any CPU
		{62EDDB3F-E23D-42D2-A857-5E66C88AE056}.Debug|Any CPU.Build.0 = Debug|Any CPU
		{62EDDB3F-E23D-42D2-A857-5E66C88AE056}.Release|Any CPU.ActiveCfg = Release|Any CPU
		{62EDDB3F-E23D-42D2-A857-5E66C88AE056}.Release|Any CPU.Build.0 = Release|Any CPU
		{1D5E4870-DA88-4C6D-8AEA-C4CE35AEAC79}.Debug|Any CPU.ActiveCfg = Debug|Any CPU
		{1D5E4870-DA88-4C6D-8AEA-C4CE35AEAC79}.Debug|Any CPU.Build.0 = Debug|Any CPU
		{1D5E4870-DA88-4C6D-8AEA-C4CE35AEAC79}.Release|Any CPU.ActiveCfg = Release|Any CPU
		{1D5E4870-DA88-4C6D-8AEA-C4CE35AEAC79}.Release|Any CPU.Build.0 = Release|Any CPU
	EndGlobalSection
	GlobalSection(NestedProjects) = preSolution
		{9DE30161-8AE2-4300-B8D4-FAD7FDD9BA67} = {D80E91F6-FA0A-4486-A7C7-CBE80485786B}
		{6F8335CB-2C25-4485-A2C0-CDEA1BCFAFC6} = {D80E91F6-FA0A-4486-A7C7-CBE80485786B}
		{7D569BDD-AF7A-48E6-9CE2-0010B6DC418D} = {D80E91F6-FA0A-4486-A7C7-CBE80485786B}
		{62EDDB3F-E23D-42D2-A857-5E66C88AE056} = {D80E91F6-FA0A-4486-A7C7-CBE80485786B}
		{1D5E4870-DA88-4C6D-8AEA-C4CE35AEAC79} = {D80E91F6-FA0A-4486-A7C7-CBE80485786B}
	EndGlobalSection
EndGlobal
